
Microsoft Visual Studio Solution File, Format Version 11.00
# Visual Studio 2010
Project("{FAE04EC0-301F-11D3-BF4B-00C04F79EFBC}") = "HostDuplexService", "HostDuplexService\HostDuplexService.csproj", "{10B2BD8E-73F5-4A1B-8609-8EF1BAF974C4}"
EndProject
Project("{FAE04EC0-301F-11D3-BF4B-00C04F79EFBC}") = "ConsClient", "ConsClient\ConsClient.csproj", "{F69697D9-EBEF-4BFD-AE69-6E76F7044217}"
EndProject
Global
	GlobalSection(SolutionConfigurationPlatforms) = preSolution
		Debug|x86 = Debug|x86
		Release|x86 = Release|x86
	EndGlobalSection
	GlobalSection(ProjectConfigurationPlatforms) = postSolution
		{10B2BD8E-73F5-4A1B-8609-8EF1BAF974C4}.Debug|x86.ActiveCfg = Debug|x86
		{10B2BD8E-73F5-4A1B-8609-8EF1BAF974C4}.Debug|x86.Build.0 = Debug|x86
		{10B2BD8E-73F5-4A1B-8609-8EF1BAF974C4}.Release|x86.ActiveCfg = Release|x86
		{10B2BD8E-73F5-4A1B-8609-8EF1BAF974C4}.Release|x86.Build.0 = Release|x86
		{F69697D9-EBEF-4BFD-AE69-6E76F7044217}.Debug|x86.ActiveCfg = Debug|x86
		{F69697D9-EBEF-4BFD-AE69-6E76F7044217}.Debug|x86.Build.0 = Debug|x86
		{F69697D9-EBEF-4BFD-AE69-6E76F7044217}.Release|x86.ActiveCfg = Release|x86
		{F69697D9-EBEF-4BFD-AE69-6E76F7044217}.Release|x86.Build.0 = Release|x86
	EndGlobalSection
	GlobalSection(SolutionProperties) = preSolution
		HideSolutionNode = FALSE
	EndGlobalSection
EndGlobal
