Microsoft Visual Studio Solution File, Format Version 11.00
# Visual Studio 2010
Project("{FAE04EC0-301F-11D3-BF4B-00C04F79EFBC}") = "ClassCalc", "ClassCalc\ClassCalc.csproj", "{D4B1D313-8C03-480D-BE70-946EF84EA3D1}"
EndProject
Project("{FAE04EC0-301F-11D3-BF4B-00C04F79EFBC}") = "CalcServer", "CalcServer\CalcServer.csproj", "{7B8DF912-C612-4CB4-9874-C6E1EC5772AF}"
EndProject
Project("{FAE04EC0-301F-11D3-BF4B-00C04F79EFBC}") = "CalcCliente", "CalcCliente\CalcCliente.csproj", "{AC132076-5A4E-4CB2-A061-E881890C77A6}"
EndProject
Project("{FAE04EC0-301F-11D3-BF4B-00C04F79EFBC}") = "IRemCalc", "IRemCalc\IRemCalc.csproj", "{C6B86DE3-3CFA-407E-B5B6-F9BD624D4706}"
EndProject
Global
	GlobalSection(SolutionConfigurationPlatforms) = preSolution
		Debug|Any CPU = Debug|Any CPU
		Release|Any CPU = Release|Any CPU
	EndGlobalSection
	GlobalSection(ProjectConfigurationPlatforms) = postSolution
		{D4B1D313-8C03-480D-BE70-946EF84EA3D1}.Debug|Any CPU.ActiveCfg = Debug|Any CPU
		{D4B1D313-8C03-480D-BE70-946EF84EA3D1}.Debug|Any CPU.Build.0 = Debug|Any CPU
		{D4B1D313-8C03-480D-BE70-946EF84EA3D1}.Release|Any CPU.ActiveCfg = Release|Any CPU
		{D4B1D313-8C03-480D-BE70-946EF84EA3D1}.Release|Any CPU.Build.0 = Release|Any CPU
		{7B8DF912-C612-4CB4-9874-C6E1EC5772AF}.Debug|Any CPU.ActiveCfg = Debug|Any CPU
		{7B8DF912-C612-4CB4-9874-C6E1EC5772AF}.Debug|Any CPU.Build.0 = Debug|Any CPU
		{7B8DF912-C612-4CB4-9874-C6E1EC5772AF}.Release|Any CPU.ActiveCfg = Release|Any CPU
		{7B8DF912-C612-4CB4-9874-C6E1EC5772AF}.Release|Any CPU.Build.0 = Release|Any CPU
		{AC132076-5A4E-4CB2-A061-E881890C77A6}.Debug|Any CPU.ActiveCfg = Debug|Any CPU
		{AC132076-5A4E-4CB2-A061-E881890C77A6}.Debug|Any CPU.Build.0 = Debug|Any CPU
		{AC132076-5A4E-4CB2-A061-E881890C77A6}.Release|Any CPU.ActiveCfg = Release|Any CPU
		{AC132076-5A4E-4CB2-A061-E881890C77A6}.Release|Any CPU.Build.0 = Release|Any CPU
		{C6B86DE3-3CFA-407E-B5B6-F9BD624D4706}.Debug|Any CPU.ActiveCfg = Debug|Any CPU
		{C6B86DE3-3CFA-407E-B5B6-F9BD624D4706}.Debug|Any CPU.Build.0 = Debug|Any CPU
		{C6B86DE3-3CFA-407E-B5B6-F9BD624D4706}.Release|Any CPU.ActiveCfg = Release|Any CPU
		{C6B86DE3-3CFA-407E-B5B6-F9BD624D4706}.Release|Any CPU.Build.0 = Release|Any CPU
	EndGlobalSection
	GlobalSection(SolutionProperties) = preSolution
		HideSolutionNode = FALSE
	EndGlobalSection
EndGlobal
