
Microsoft Visual Studio Solution File, Format Version 11.00
# Visual Studio 2010
Project("{FAE04EC0-301F-11D3-BF4B-00C04F79EFBC}") = "HostService", "HostService\HostService.csproj", "{3AF6EA26-404C-4B6A-B5BB-3E4053A115BD}"
EndProject
Project("{FAE04EC0-301F-11D3-BF4B-00C04F79EFBC}") = "WCFclient", "WCFclient\WCFclient.csproj", "{61307C6C-0694-4DF4-A971-275CEDFCEEE8}"
EndProject
Global
	GlobalSection(SolutionConfigurationPlatforms) = preSolution
		Debug|x86 = Debug|x86
		Release|x86 = Release|x86
	EndGlobalSection
	GlobalSection(ProjectConfigurationPlatforms) = postSolution
		{3AF6EA26-404C-4B6A-B5BB-3E4053A115BD}.Debug|x86.ActiveCfg = Debug|x86
		{3AF6EA26-404C-4B6A-B5BB-3E4053A115BD}.Debug|x86.Build.0 = Debug|x86
		{3AF6EA26-404C-4B6A-B5BB-3E4053A115BD}.Release|x86.ActiveCfg = Release|x86
		{3AF6EA26-404C-4B6A-B5BB-3E4053A115BD}.Release|x86.Build.0 = Release|x86
		{61307C6C-0694-4DF4-A971-275CEDFCEEE8}.Debug|x86.ActiveCfg = Debug|x86
		{61307C6C-0694-4DF4-A971-275CEDFCEEE8}.Debug|x86.Build.0 = Debug|x86
		{61307C6C-0694-4DF4-A971-275CEDFCEEE8}.Release|x86.ActiveCfg = Release|x86
		{61307C6C-0694-4DF4-A971-275CEDFCEEE8}.Release|x86.Build.0 = Release|x86
	EndGlobalSection
	GlobalSection(SolutionProperties) = preSolution
		HideSolutionNode = FALSE
	EndGlobalSection
EndGlobal
