Microsoft Visual Studio Solution File, Format Version 10.00
# Visual Studio 2008
Project("{FAE04EC0-301F-11D3-BF4B-00C04F79EFBC}") = "User", "User.csproj", "{789A8664-5E52-4AB8-8C20-706EAD66FE08}"
EndProject
Project("{FAE04EC0-301F-11D3-BF4B-00C04F79EFBC}") = "WinUser", "..\WinUser\WinUser.csproj", "{6A1ED98C-9B28-43CC-B181-B338B01CAC88}"
EndProject
Global
	GlobalSection(SolutionConfigurationPlatforms) = preSolution
		Debug|Any CPU = Debug|Any CPU
		Release|Any CPU = Release|Any CPU
	EndGlobalSection
	GlobalSection(ProjectConfigurationPlatforms) = postSolution
		{789A8664-5E52-4AB8-8C20-706EAD66FE08}.Debug|Any CPU.ActiveCfg = Debug|Any CPU
		{789A8664-5E52-4AB8-8C20-706EAD66FE08}.Debug|Any CPU.Build.0 = Debug|Any CPU
		{789A8664-5E52-4AB8-8C20-706EAD66FE08}.Release|Any CPU.ActiveCfg = Release|Any CPU
		{789A8664-5E52-4AB8-8C20-706EAD66FE08}.Release|Any CPU.Build.0 = Release|Any CPU
		{6A1ED98C-9B28-43CC-B181-B338B01CAC88}.Debug|Any CPU.ActiveCfg = Debug|Any CPU
		{6A1ED98C-9B28-43CC-B181-B338B01CAC88}.Debug|Any CPU.Build.0 = Debug|Any CPU
		{6A1ED98C-9B28-43CC-B181-B338B01CAC88}.Release|Any CPU.ActiveCfg = Release|Any CPU
		{6A1ED98C-9B28-43CC-B181-B338B01CAC88}.Release|Any CPU.Build.0 = Release|Any CPU
	EndGlobalSection
	GlobalSection(SolutionProperties) = preSolution
		HideSolutionNode = FALSE
	EndGlobalSection
EndGlobal
