
Microsoft Visual Studio Solution File, Format Version 11.00
# Visual Studio 2010
Project("{FAE04EC0-301F-11D3-BF4B-00C04F79EFBC}") = "ClassAlunoCAO", "ClassAlunoCAO\ClassAlunoCAO.csproj", "{B752480E-F481-498D-9279-642288D11F4F}"
EndProject
Project("{FAE04EC0-301F-11D3-BF4B-00C04F79EFBC}") = "ServerAlunoCAO", "ServerAlunoCAO\ServerAlunoCAO.csproj", "{BFAF1164-CC44-4EC6-92F6-ED77B506FC7E}"
EndProject
Project("{FAE04EC0-301F-11D3-BF4B-00C04F79EFBC}") = "ClientAlunoCAO", "ClientAlunoCAO\ClientAlunoCAO.csproj", "{D7A657B7-95B7-4CC7-9F38-C75FADE0DCD4}"
EndProject
Global
	GlobalSection(SolutionConfigurationPlatforms) = preSolution
		Debug|Any CPU = Debug|Any CPU
		Release|Any CPU = Release|Any CPU
	EndGlobalSection
	GlobalSection(ProjectConfigurationPlatforms) = postSolution
		{B752480E-F481-498D-9279-642288D11F4F}.Debug|Any CPU.ActiveCfg = Debug|Any CPU
		{B752480E-F481-498D-9279-642288D11F4F}.Debug|Any CPU.Build.0 = Debug|Any CPU
		{B752480E-F481-498D-9279-642288D11F4F}.Release|Any CPU.ActiveCfg = Release|Any CPU
		{B752480E-F481-498D-9279-642288D11F4F}.Release|Any CPU.Build.0 = Release|Any CPU
		{BFAF1164-CC44-4EC6-92F6-ED77B506FC7E}.Debug|Any CPU.ActiveCfg = Debug|Any CPU
		{BFAF1164-CC44-4EC6-92F6-ED77B506FC7E}.Debug|Any CPU.Build.0 = Debug|Any CPU
		{BFAF1164-CC44-4EC6-92F6-ED77B506FC7E}.Release|Any CPU.ActiveCfg = Release|Any CPU
		{BFAF1164-CC44-4EC6-92F6-ED77B506FC7E}.Release|Any CPU.Build.0 = Release|Any CPU
		{D7A657B7-95B7-4CC7-9F38-C75FADE0DCD4}.Debug|Any CPU.ActiveCfg = Debug|Any CPU
		{D7A657B7-95B7-4CC7-9F38-C75FADE0DCD4}.Debug|Any CPU.Build.0 = Debug|Any CPU
		{D7A657B7-95B7-4CC7-9F38-C75FADE0DCD4}.Release|Any CPU.ActiveCfg = Release|Any CPU
		{D7A657B7-95B7-4CC7-9F38-C75FADE0DCD4}.Release|Any CPU.Build.0 = Release|Any CPU
	EndGlobalSection
	GlobalSection(SolutionProperties) = preSolution
		HideSolutionNode = FALSE
	EndGlobalSection
EndGlobal
